// !$*UTF8*$!
{
	archiveVersion = 1;
	classes = {
	};
	objectVersion = 48;
	objects = {

/* Begin PBXBuildFile section */
		0819D77520BDBC01008FF701 /* Media.xcassets in Resources */ = {isa = PBXBuildFile; fileRef = 0819D77420BDBC01008FF701 /* Media.xcassets */; };
		086E304D20BD335400A531BD /* AppDelegate.swift in Sources */ = {isa = PBXBuildFile; fileRef = 086E304C20BD335400A531BD /* AppDelegate.swift */; };
		086E304F20BD335400A531BD /* ListOfContactsController.swift in Sources */ = {isa = PBXBuildFile; fileRef = 086E304E20BD335400A531BD /* ListOfContactsController.swift */; };
		086E305720BD335400A531BD /* LaunchScreen.storyboard in Resources */ = {isa = PBXBuildFile; fileRef = 086E305520BD335400A531BD /* LaunchScreen.storyboard */; };
		086E306220BD335400A531BD /* TestTests.swift in Sources */ = {isa = PBXBuildFile; fileRef = 086E306120BD335400A531BD /* TestTests.swift */; };
		086E306D20BD335400A531BD /* TestUITests.swift in Sources */ = {isa = PBXBuildFile; fileRef = 086E306C20BD335400A531BD /* TestUITests.swift */; };
		086E307E20BD3DAC00A531BD /* Constants.swift in Sources */ = {isa = PBXBuildFile; fileRef = 086E307D20BD3DAC00A531BD /* Constants.swift */; };
		086E308020BD3E7800A531BD /* ListOfContactsCell.swift in Sources */ = {isa = PBXBuildFile; fileRef = 086E307F20BD3E7800A531BD /* ListOfContactsCell.swift */; };
		086E308320BD4BFB00A531BD /* APIRequest.swift in Sources */ = {isa = PBXBuildFile; fileRef = 086E308220BD4BFB00A531BD /* APIRequest.swift */; };
		086E308520BD4E9400A531BD /* Contact.swift in Sources */ = {isa = PBXBuildFile; fileRef = 086E308420BD4E9400A531BD /* Contact.swift */; };
		086E308920BD5AB200A531BD /* MoreAboutContactController.swift in Sources */ = {isa = PBXBuildFile; fileRef = 086E308820BD5AB200A531BD /* MoreAboutContactController.swift */; };
		7CADF98A4635173906000433 /* Pods_TestTests.framework in Frameworks */ = {isa = PBXBuildFile; fileRef = C1B49A948BEA526EA95F1CCB /* Pods_TestTests.framework */; };
		B2A82BEF2D65728505D00A33 /* Pods_TestUITests.framework in Frameworks */ = {isa = PBXBuildFile; fileRef = C7A0937CF367F0CABD01A616 /* Pods_TestUITests.framework */; };
		BD413BBD7157452B7E52B2D8 /* Pods_Test.framework in Frameworks */ = {isa = PBXBuildFile; fileRef = 4A54AD1DD460939AD57B9E00 /* Pods_Test.framework */; };
/* End PBXBuildFile section */

/* Begin PBXContainerItemProxy section */
		086E305E20BD335400A531BD /* PBXContainerItemProxy */ = {
			isa = PBXContainerItemProxy;
			containerPortal = 086E304120BD335400A531BD /* Project object */;
			proxyType = 1;
			remoteGlobalIDString = 086E304820BD335400A531BD;
			remoteInfo = Test;
		};
		086E306920BD335400A531BD /* PBXContainerItemProxy */ = {
			isa = PBXContainerItemProxy;
			containerPortal = 086E304120BD335400A531BD /* Project object */;
			proxyType = 1;
			remoteGlobalIDString = 086E304820BD335400A531BD;
			remoteInfo = Test;
		};
/* End PBXContainerItemProxy section */

/* Begin PBXFileReference section */
		03A8BA1133363572168E9E8F /* Pods-TestTests.debug.xcconfig */ = {isa = PBXFileReference; includeInIndex = 1; lastKnownFileType = text.xcconfig; name = "Pods-TestTests.debug.xcconfig"; path = "Pods/Target Support Files/Pods-TestTests/Pods-TestTests.debug.xcconfig"; sourceTree = "<group>"; };
		05298F8D60C0BE2D50A9DF91 /* Pods-TestUITests.debug.xcconfig */ = {isa = PBXFileReference; includeInIndex = 1; lastKnownFileType = text.xcconfig; name = "Pods-TestUITests.debug.xcconfig"; path = "Pods/Target Support Files/Pods-TestUITests/Pods-TestUITests.debug.xcconfig"; sourceTree = "<group>"; };
		0819D77420BDBC01008FF701 /* Media.xcassets */ = {isa = PBXFileReference; lastKnownFileType = folder.assetcatalog; path = Media.xcassets; sourceTree = "<group>"; };
		086E304920BD335400A531BD /* Test.app */ = {isa = PBXFileReference; explicitFileType = wrapper.application; includeInIndex = 0; path = Test.app; sourceTree = BUILT_PRODUCTS_DIR; };
		086E304C20BD335400A531BD /* AppDelegate.swift */ = {isa = PBXFileReference; lastKnownFileType = sourcecode.swift; path = AppDelegate.swift; sourceTree = "<group>"; };
		086E304E20BD335400A531BD /* ListOfContactsController.swift */ = {isa = PBXFileReference; lastKnownFileType = sourcecode.swift; path = ListOfContactsController.swift; sourceTree = "<group>"; };
		086E305620BD335400A531BD /* Base */ = {isa = PBXFileReference; lastKnownFileType = file.storyboard; name = Base; path = Base.lproj/LaunchScreen.storyboard; sourceTree = "<group>"; };
		086E305820BD335400A531BD /* Info.plist */ = {isa = PBXFileReference; lastKnownFileType = text.plist.xml; path = Info.plist; sourceTree = "<group>"; };
		086E305D20BD335400A531BD /* TestTests.xctest */ = {isa = PBXFileReference; explicitFileType = wrapper.cfbundle; includeInIndex = 0; path = TestTests.xctest; sourceTree = BUILT_PRODUCTS_DIR; };
		086E306120BD335400A531BD /* TestTests.swift */ = {isa = PBXFileReference; lastKnownFileType = sourcecode.swift; path = TestTests.swift; sourceTree = "<group>"; };
		086E306320BD335400A531BD /* Info.plist */ = {isa = PBXFileReference; lastKnownFileType = text.plist.xml; path = Info.plist; sourceTree = "<group>"; };
		086E306820BD335400A531BD /* TestUITests.xctest */ = {isa = PBXFileReference; explicitFileType = wrapper.cfbundle; includeInIndex = 0; path = TestUITests.xctest; sourceTree = BUILT_PRODUCTS_DIR; };
		086E306C20BD335400A531BD /* TestUITests.swift */ = {isa = PBXFileReference; lastKnownFileType = sourcecode.swift; path = TestUITests.swift; sourceTree = "<group>"; };
		086E306E20BD335400A531BD /* Info.plist */ = {isa = PBXFileReference; lastKnownFileType = text.plist.xml; path = Info.plist; sourceTree = "<group>"; };
		086E307D20BD3DAC00A531BD /* Constants.swift */ = {isa = PBXFileReference; lastKnownFileType = sourcecode.swift; path = Constants.swift; sourceTree = "<group>"; };
		086E307F20BD3E7800A531BD /* ListOfContactsCell.swift */ = {isa = PBXFileReference; lastKnownFileType = sourcecode.swift; path = ListOfContactsCell.swift; sourceTree = "<group>"; };
		086E308220BD4BFB00A531BD /* APIRequest.swift */ = {isa = PBXFileReference; lastKnownFileType = sourcecode.swift; path = APIRequest.swift; sourceTree = "<group>"; };
		086E308420BD4E9400A531BD /* Contact.swift */ = {isa = PBXFileReference; lastKnownFileType = sourcecode.swift; path = Contact.swift; sourceTree = "<group>"; };
		086E308820BD5AB200A531BD /* MoreAboutContactController.swift */ = {isa = PBXFileReference; lastKnownFileType = sourcecode.swift; path = MoreAboutContactController.swift; sourceTree = "<group>"; };
		17757392870F2BDF41939FB5 /* Pods-TestTests.release.xcconfig */ = {isa = PBXFileReference; includeInIndex = 1; lastKnownFileType = text.xcconfig; name = "Pods-TestTests.release.xcconfig"; path = "Pods/Target Support Files/Pods-TestTests/Pods-TestTests.release.xcconfig"; sourceTree = "<group>"; };
		18F3023BD0C14B178668A6F9 /* Pods-Test.release.xcconfig */ = {isa = PBXFileReference; includeInIndex = 1; lastKnownFileType = text.xcconfig; name = "Pods-Test.release.xcconfig"; path = "Pods/Target Support Files/Pods-Test/Pods-Test.release.xcconfig"; sourceTree = "<group>"; };
		2D8DE10C8D92EC4DFB0E90FB /* Pods-Test.debug.xcconfig */ = {isa = PBXFileReference; includeInIndex = 1; lastKnownFileType = text.xcconfig; name = "Pods-Test.debug.xcconfig"; path = "Pods/Target Support Files/Pods-Test/Pods-Test.debug.xcconfig"; sourceTree = "<group>"; };
		4A54AD1DD460939AD57B9E00 /* Pods_Test.framework */ = {isa = PBXFileReference; explicitFileType = wrapper.framework; includeInIndex = 0; path = Pods_Test.framework; sourceTree = BUILT_PRODUCTS_DIR; };
		C1B49A948BEA526EA95F1CCB /* Pods_TestTests.framework */ = {isa = PBXFileReference; explicitFileType = wrapper.framework; includeInIndex = 0; path = Pods_TestTests.framework; sourceTree = BUILT_PRODUCTS_DIR; };
		C224CBB0B7E68B6B237C98DA /* Pods-TestUITests.release.xcconfig */ = {isa = PBXFileReference; includeInIndex = 1; lastKnownFileType = text.xcconfig; name = "Pods-TestUITests.release.xcconfig"; path = "Pods/Target Support Files/Pods-TestUITests/Pods-TestUITests.release.xcconfig"; sourceTree = "<group>"; };
		C7A0937CF367F0CABD01A616 /* Pods_TestUITests.framework */ = {isa = PBXFileReference; explicitFileType = wrapper.framework; includeInIndex = 0; path = Pods_TestUITests.framework; sourceTree = BUILT_PRODUCTS_DIR; };
/* End PBXFileReference section */

/* Begin PBXFrameworksBuildPhase section */
		086E304620BD335400A531BD /* Frameworks */ = {
			isa = PBXFrameworksBuildPhase;
			buildActionMask = 2147483647;
			files = (
				BD413BBD7157452B7E52B2D8 /* Pods_Test.framework in Frameworks */,
			);
			runOnlyForDeploymentPostprocessing = 0;
		};
		086E305A20BD335400A531BD /* Frameworks */ = {
			isa = PBXFrameworksBuildPhase;
			buildActionMask = 2147483647;
			files = (
				7CADF98A4635173906000433 /* Pods_TestTests.framework in Frameworks */,
			);
			runOnlyForDeploymentPostprocessing = 0;
		};
		086E306520BD335400A531BD /* Frameworks */ = {
			isa = PBXFrameworksBuildPhase;
			buildActionMask = 2147483647;
			files = (
				B2A82BEF2D65728505D00A33 /* Pods_TestUITests.framework in Frameworks */,
			);
			runOnlyForDeploymentPostprocessing = 0;
		};
/* End PBXFrameworksBuildPhase section */

/* Begin PBXGroup section */
		086E304020BD335400A531BD = {
			isa = PBXGroup;
			children = (
				086E304B20BD335400A531BD /* Test */,
				086E306020BD335400A531BD /* TestTests */,
				086E306B20BD335400A531BD /* TestUITests */,
				086E304A20BD335400A531BD /* Products */,
				23C85DD57CC189417FA5DFB4 /* Pods */,
				EC3E7ABE4763DC9DC80CAAD8 /* Frameworks */,
			);
			sourceTree = "<group>";
		};
		086E304A20BD335400A531BD /* Products */ = {
			isa = PBXGroup;
			children = (
				086E304920BD335400A531BD /* Test.app */,
				086E305D20BD335400A531BD /* TestTests.xctest */,
				086E306820BD335400A531BD /* TestUITests.xctest */,
			);
			name = Products;
			sourceTree = "<group>";
		};
		086E304B20BD335400A531BD /* Test */ = {
			isa = PBXGroup;
			children = (
				086E308120BD3F2500A531BD /* Models */,
				086E307B20BD3D7700A531BD /* Views */,
				086E307A20BD3D6A00A531BD /* Controllers */,
				086E307C20BD3D8D00A531BD /* Classes */,
				086E305520BD335400A531BD /* LaunchScreen.storyboard */,
				086E305820BD335400A531BD /* Info.plist */,
				0819D77420BDBC01008FF701 /* Media.xcassets */,
			);
			path = Test;
			sourceTree = "<group>";
		};
		086E306020BD335400A531BD /* TestTests */ = {
			isa = PBXGroup;
			children = (
				086E306120BD335400A531BD /* TestTests.swift */,
				086E306320BD335400A531BD /* Info.plist */,
			);
			path = TestTests;
			sourceTree = "<group>";
		};
		086E306B20BD335400A531BD /* TestUITests */ = {
			isa = PBXGroup;
			children = (
				086E306C20BD335400A531BD /* TestUITests.swift */,
				086E306E20BD335400A531BD /* Info.plist */,
			);
			path = TestUITests;
			sourceTree = "<group>";
		};
		086E307A20BD3D6A00A531BD /* Controllers */ = {
			isa = PBXGroup;
			children = (
				086E304E20BD335400A531BD /* ListOfContactsController.swift */,
				086E308820BD5AB200A531BD /* MoreAboutContactController.swift */,
			);
			path = Controllers;
			sourceTree = "<group>";
		};
		086E307B20BD3D7700A531BD /* Views */ = {
			isa = PBXGroup;
			children = (
				086E307F20BD3E7800A531BD /* ListOfContactsCell.swift */,
			);
			path = Views;
			sourceTree = "<group>";
		};
		086E307C20BD3D8D00A531BD /* Classes */ = {
			isa = PBXGroup;
			children = (
				086E304C20BD335400A531BD /* AppDelegate.swift */,
				086E307D20BD3DAC00A531BD /* Constants.swift */,
				086E308220BD4BFB00A531BD /* APIRequest.swift */,
			);
			path = Classes;
			sourceTree = "<group>";
		};
		086E308120BD3F2500A531BD /* Models */ = {
			isa = PBXGroup;
			children = (
				086E308420BD4E9400A531BD /* Contact.swift */,
			);
			path = Models;
			sourceTree = "<group>";
		};
		23C85DD57CC189417FA5DFB4 /* Pods */ = {
			isa = PBXGroup;
			children = (
				2D8DE10C8D92EC4DFB0E90FB /* Pods-Test.debug.xcconfig */,
				18F3023BD0C14B178668A6F9 /* Pods-Test.release.xcconfig */,
				03A8BA1133363572168E9E8F /* Pods-TestTests.debug.xcconfig */,
				17757392870F2BDF41939FB5 /* Pods-TestTests.release.xcconfig */,
				05298F8D60C0BE2D50A9DF91 /* Pods-TestUITests.debug.xcconfig */,
				C224CBB0B7E68B6B237C98DA /* Pods-TestUITests.release.xcconfig */,
			);
			name = Pods;
			sourceTree = "<group>";
		};
		EC3E7ABE4763DC9DC80CAAD8 /* Frameworks */ = {
			isa = PBXGroup;
			children = (
				4A54AD1DD460939AD57B9E00 /* Pods_Test.framework */,
				C1B49A948BEA526EA95F1CCB /* Pods_TestTests.framework */,
				C7A0937CF367F0CABD01A616 /* Pods_TestUITests.framework */,
			);
			name = Frameworks;
			sourceTree = "<group>";
		};
/* End PBXGroup section */

/* Begin PBXNativeTarget section */
		086E304820BD335400A531BD /* Test */ = {
			isa = PBXNativeTarget;
			buildConfigurationList = 086E307120BD335400A531BD /* Build configuration list for PBXNativeTarget "Test" */;
			buildPhases = (
				7A0892EA61691A198BDAC673 /* [CP] Check Pods Manifest.lock */,
				086E304520BD335400A531BD /* Sources */,
				086E304620BD335400A531BD /* Frameworks */,
				086E304720BD335400A531BD /* Resources */,
				31D8376B1B7DBEB5012DACA2 /* [CP] Embed Pods Frameworks */,
				1E40FE0280E99A91E854EE29 /* [CP] Copy Pods Resources */,
			);
			buildRules = (
			);
			dependencies = (
			);
			name = Test;
			productName = Test;
			productReference = 086E304920BD335400A531BD /* Test.app */;
			productType = "com.apple.product-type.application";
		};
		086E305C20BD335400A531BD /* TestTests */ = {
			isa = PBXNativeTarget;
			buildConfigurationList = 086E307420BD335400A531BD /* Build configuration list for PBXNativeTarget "TestTests" */;
			buildPhases = (
				262D683E145F7D0603FD84A4 /* [CP] Check Pods Manifest.lock */,
				086E305920BD335400A531BD /* Sources */,
				086E305A20BD335400A531BD /* Frameworks */,
				086E305B20BD335400A531BD /* Resources */,
				6E1C8CA9F1AFCA3287FCE0FA /* [CP] Embed Pods Frameworks */,
				EACA2FAF8EB518EEE797630A /* [CP] Copy Pods Resources */,
			);
			buildRules = (
			);
			dependencies = (
				086E305F20BD335400A531BD /* PBXTargetDependency */,
			);
			name = TestTests;
			productName = TestTests;
			productReference = 086E305D20BD335400A531BD /* TestTests.xctest */;
			productType = "com.apple.product-type.bundle.unit-test";
		};
		086E306720BD335400A531BD /* TestUITests */ = {
			isa = PBXNativeTarget;
			buildConfigurationList = 086E307720BD335400A531BD /* Build configuration list for PBXNativeTarget "TestUITests" */;
			buildPhases = (
				646F73C7D02EF34FCA321103 /* [CP] Check Pods Manifest.lock */,
				086E306420BD335400A531BD /* Sources */,
				086E306520BD335400A531BD /* Frameworks */,
				086E306620BD335400A531BD /* Resources */,
				295384FD803CFA7085FE6A2B /* [CP] Embed Pods Frameworks */,
				A6515A61580FA3067664A06E /* [CP] Copy Pods Resources */,
			);
			buildRules = (
			);
			dependencies = (
				086E306A20BD335400A531BD /* PBXTargetDependency */,
			);
			name = TestUITests;
			productName = TestUITests;
			productReference = 086E306820BD335400A531BD /* TestUITests.xctest */;
			productType = "com.apple.product-type.bundle.ui-testing";
		};
/* End PBXNativeTarget section */

/* Begin PBXProject section */
		086E304120BD335400A531BD /* Project object */ = {
			isa = PBXProject;
			attributes = {
				LastSwiftUpdateCheck = 0920;
				LastUpgradeCheck = 0920;
				ORGANIZATIONNAME = Shyngys;
				TargetAttributes = {
					086E304820BD335400A531BD = {
						CreatedOnToolsVersion = 9.2;
						ProvisioningStyle = Automatic;
					};
					086E305C20BD335400A531BD = {
						CreatedOnToolsVersion = 9.2;
						ProvisioningStyle = Automatic;
						TestTargetID = 086E304820BD335400A531BD;
					};
					086E306720BD335400A531BD = {
						CreatedOnToolsVersion = 9.2;
						ProvisioningStyle = Automatic;
						TestTargetID = 086E304820BD335400A531BD;
					};
				};
			};
			buildConfigurationList = 086E304420BD335400A531BD /* Build configuration list for PBXProject "Test" */;
			compatibilityVersion = "Xcode 8.0";
			developmentRegion = en;
			hasScannedForEncodings = 0;
			knownRegions = (
				en,
				Base,
			);
			mainGroup = 086E304020BD335400A531BD;
			productRefGroup = 086E304A20BD335400A531BD /* Products */;
			projectDirPath = "";
			projectRoot = "";
			targets = (
				086E304820BD335400A531BD /* Test */,
				086E305C20BD335400A531BD /* TestTests */,
				086E306720BD335400A531BD /* TestUITests */,
			);
		};
/* End PBXProject section */

/* Begin PBXResourcesBuildPhase section */
		086E304720BD335400A531BD /* Resources */ = {
			isa = PBXResourcesBuildPhase;
			buildActionMask = 2147483647;
			files = (
				0819D77520BDBC01008FF701 /* Media.xcassets in Resources */,
				086E305720BD335400A531BD /* LaunchScreen.storyboard in Resources */,
			);
			runOnlyForDeploymentPostprocessing = 0;
		};
		086E305B20BD335400A531BD /* Resources */ = {
			isa = PBXResourcesBuildPhase;
			buildActionMask = 2147483647;
			files = (
			);
			runOnlyForDeploymentPostprocessing = 0;
		};
		086E306620BD335400A531BD /* Resources */ = {
			isa = PBXResourcesBuildPhase;
			buildActionMask = 2147483647;
			files = (
			);
			runOnlyForDeploymentPostprocessing = 0;
		};
/* End PBXResourcesBuildPhase section */

/* Begin PBXShellScriptBuildPhase section */
		1E40FE0280E99A91E854EE29 /* [CP] Copy Pods Resources */ = {
			isa = PBXShellScriptBuildPhase;
			buildActionMask = 2147483647;
			files = (
			);
			inputPaths = (
			);
			name = "[CP] Copy Pods Resources";
			outputPaths = (
			);
			runOnlyForDeploymentPostprocessing = 0;
			shellPath = /bin/sh;
			shellScript = "\"${SRCROOT}/Pods/Target Support Files/Pods-Test/Pods-Test-resources.sh\"\n";
			showEnvVarsInLog = 0;
		};
		262D683E145F7D0603FD84A4 /* [CP] Check Pods Manifest.lock */ = {
			isa = PBXShellScriptBuildPhase;
			buildActionMask = 2147483647;
			files = (
			);
			inputPaths = (
				"${PODS_PODFILE_DIR_PATH}/Podfile.lock",
				"${PODS_ROOT}/Manifest.lock",
			);
			name = "[CP] Check Pods Manifest.lock";
			outputPaths = (
				"$(DERIVED_FILE_DIR)/Pods-TestTests-checkManifestLockResult.txt",
			);
			runOnlyForDeploymentPostprocessing = 0;
			shellPath = /bin/sh;
			shellScript = "diff \"${PODS_PODFILE_DIR_PATH}/Podfile.lock\" \"${PODS_ROOT}/Manifest.lock\" > /dev/null\nif [ $? != 0 ] ; then\n    # print error to STDERR\n    echo \"error: The sandbox is not in sync with the Podfile.lock. Run 'pod install' or update your CocoaPods installation.\" >&2\n    exit 1\nfi\n# This output is used by Xcode 'outputs' to avoid re-running this script phase.\necho \"SUCCESS\" > \"${SCRIPT_OUTPUT_FILE_0}\"\n";
			showEnvVarsInLog = 0;
		};
		295384FD803CFA7085FE6A2B /* [CP] Embed Pods Frameworks */ = {
			isa = PBXShellScriptBuildPhase;
			buildActionMask = 2147483647;
			files = (
			);
			inputPaths = (
			);
			name = "[CP] Embed Pods Frameworks";
			outputPaths = (
			);
			runOnlyForDeploymentPostprocessing = 0;
			shellPath = /bin/sh;
			shellScript = "\"${SRCROOT}/Pods/Target Support Files/Pods-TestUITests/Pods-TestUITests-frameworks.sh\"\n";
			showEnvVarsInLog = 0;
		};
		31D8376B1B7DBEB5012DACA2 /* [CP] Embed Pods Frameworks */ = {
			isa = PBXShellScriptBuildPhase;
			buildActionMask = 2147483647;
			files = (
			);
			inputPaths = (
				"${SRCROOT}/Pods/Target Support Files/Pods-Test/Pods-Test-frameworks.sh",
				"${BUILT_PRODUCTS_DIR}/Alamofire/Alamofire.framework",
				"${BUILT_PRODUCTS_DIR}/Cartography/Cartography.framework",
				"${BUILT_PRODUCTS_DIR}/Kingfisher/Kingfisher.framework",
				"${BUILT_PRODUCTS_DIR}/ObjectMapper/ObjectMapper.framework",
			);
			name = "[CP] Embed Pods Frameworks";
			outputPaths = (
				"${TARGET_BUILD_DIR}/${FRAMEWORKS_FOLDER_PATH}/Alamofire.framework",
				"${TARGET_BUILD_DIR}/${FRAMEWORKS_FOLDER_PATH}/Cartography.framework",
				"${TARGET_BUILD_DIR}/${FRAMEWORKS_FOLDER_PATH}/Kingfisher.framework",
				"${TARGET_BUILD_DIR}/${FRAMEWORKS_FOLDER_PATH}/ObjectMapper.framework",
			);
			runOnlyForDeploymentPostprocessing = 0;
			shellPath = /bin/sh;
			shellScript = "\"${SRCROOT}/Pods/Target Support Files/Pods-Test/Pods-Test-frameworks.sh\"\n";
			showEnvVarsInLog = 0;
		};
		646F73C7D02EF34FCA321103 /* [CP] Check Pods Manifest.lock */ = {
			isa = PBXShellScriptBuildPhase;
			buildActionMask = 2147483647;
			files = (
			);
			inputPaths = (
				"${PODS_PODFILE_DIR_PATH}/Podfile.lock",
				"${PODS_ROOT}/Manifest.lock",
			);
			name = "[CP] Check Pods Manifest.lock";
			outputPaths = (
				"$(DERIVED_FILE_DIR)/Pods-TestUITests-checkManifestLockResult.txt",
			);
			runOnlyForDeploymentPostprocessing = 0;
			shellPath = /bin/sh;
			shellScript = "diff \"${PODS_PODFILE_DIR_PATH}/Podfile.lock\" \"${PODS_ROOT}/Manifest.lock\" > /dev/null\nif [ $? != 0 ] ; then\n    # print error to STDERR\n    echo \"error: The sandbox is not in sync with the Podfile.lock. Run 'pod install' or update your CocoaPods installation.\" >&2\n    exit 1\nfi\n# This output is used by Xcode 'outputs' to avoid re-running this script phase.\necho \"SUCCESS\" > \"${SCRIPT_OUTPUT_FILE_0}\"\n";
			showEnvVarsInLog = 0;
		};
		6E1C8CA9F1AFCA3287FCE0FA /* [CP] Embed Pods Frameworks */ = {
			isa = PBXShellScriptBuildPhase;
			buildActionMask = 2147483647;
			files = (
			);
			inputPaths = (
				"${SRCROOT}/Pods/Target Support Files/Pods-TestTests/Pods-TestTests-frameworks.sh",
				"${BUILT_PRODUCTS_DIR}/Alamofire/Alamofire.framework",
				"${BUILT_PRODUCTS_DIR}/Cartography/Cartography.framework",
				"${BUILT_PRODUCTS_DIR}/Kingfisher/Kingfisher.framework",
				"${BUILT_PRODUCTS_DIR}/ObjectMapper/ObjectMapper.framework",
			);
			name = "[CP] Embed Pods Frameworks";
			outputPaths = (
				"${TARGET_BUILD_DIR}/${FRAMEWORKS_FOLDER_PATH}/Alamofire.framework",
				"${TARGET_BUILD_DIR}/${FRAMEWORKS_FOLDER_PATH}/Cartography.framework",
				"${TARGET_BUILD_DIR}/${FRAMEWORKS_FOLDER_PATH}/Kingfisher.framework",
				"${TARGET_BUILD_DIR}/${FRAMEWORKS_FOLDER_PATH}/ObjectMapper.framework",
			);
			runOnlyForDeploymentPostprocessing = 0;
			shellPath = /bin/sh;
			shellScript = "\"${SRCROOT}/Pods/Target Support Files/Pods-TestTests/Pods-TestTests-frameworks.sh\"\n";
			showEnvVarsInLog = 0;
		};
		7A0892EA61691A198BDAC673 /* [CP] Check Pods Manifest.lock */ = {
			isa = PBXShellScriptBuildPhase;
			buildActionMask = 2147483647;
			files = (
			);
			inputPaths = (
				"${PODS_PODFILE_DIR_PATH}/Podfile.lock",
				"${PODS_ROOT}/Manifest.lock",
			);
			name = "[CP] Check Pods Manifest.lock";
			outputPaths = (
				"$(DERIVED_FILE_DIR)/Pods-Test-checkManifestLockResult.txt",
			);
			runOnlyForDeploymentPostprocessing = 0;
			shellPath = /bin/sh;
			shellScript = "diff \"${PODS_PODFILE_DIR_PATH}/Podfile.lock\" \"${PODS_ROOT}/Manifest.lock\" > /dev/null\nif [ $? != 0 ] ; then\n    # print error to STDERR\n    echo \"error: The sandbox is not in sync with the Podfile.lock. Run 'pod install' or update your CocoaPods installation.\" >&2\n    exit 1\nfi\n# This output is used by Xcode 'outputs' to avoid re-running this script phase.\necho \"SUCCESS\" > \"${SCRIPT_OUTPUT_FILE_0}\"\n";
			showEnvVarsInLog = 0;
		};
		A6515A61580FA3067664A06E /* [CP] Copy Pods Resources */ = {
			isa = PBXShellScriptBuildPhase;
			buildActionMask = 2147483647;
			files = (
			);
			inputPaths = (
			);
			name = "[CP] Copy Pods Resources";
			outputPaths = (
			);
			runOnlyForDeploymentPostprocessing = 0;
			shellPath = /bin/sh;
			shellScript = "\"${SRCROOT}/Pods/Target Support Files/Pods-TestUITests/Pods-TestUITests-resources.sh\"\n";
			showEnvVarsInLog = 0;
		};
		EACA2FAF8EB518EEE797630A /* [CP] Copy Pods Resources */ = {
			isa = PBXShellScriptBuildPhase;
			buildActionMask = 2147483647;
			files = (
			);
			inputPaths = (
			);
			name = "[CP] Copy Pods Resources";
			outputPaths = (
			);
			runOnlyForDeploymentPostprocessing = 0;
			shellPath = /bin/sh;
			shellScript = "\"${SRCROOT}/Pods/Target Support Files/Pods-TestTests/Pods-TestTests-resources.sh\"\n";
			showEnvVarsInLog = 0;
		};
/* End PBXShellScriptBuildPhase section */

/* Begin PBXSourcesBuildPhase section */
		086E304520BD335400A531BD /* Sources */ = {
			isa = PBXSourcesBuildPhase;
			buildActionMask = 2147483647;
			files = (
				086E308520BD4E9400A531BD /* Contact.swift in Sources */,
				086E304F20BD335400A531BD /* ListOfContactsController.swift in Sources */,
				086E304D20BD335400A531BD /* AppDelegate.swift in Sources */,
				086E307E20BD3DAC00A531BD /* Constants.swift in Sources */,
				086E308320BD4BFB00A531BD /* APIRequest.swift in Sources */,
				086E308920BD5AB200A531BD /* MoreAboutContactController.swift in Sources */,
				086E308020BD3E7800A531BD /* ListOfContactsCell.swift in Sources */,
			);
			runOnlyForDeploymentPostprocessing = 0;
		};
		086E305920BD335400A531BD /* Sources */ = {
			isa = PBXSourcesBuildPhase;
			buildActionMask = 2147483647;
			files = (
				086E306220BD335400A531BD /* TestTests.swift in Sources */,
			);
			runOnlyForDeploymentPostprocessing = 0;
		};
		086E306420BD335400A531BD /* Sources */ = {
			isa = PBXSourcesBuildPhase;
			buildActionMask = 2147483647;
			files = (
				086E306D20BD335400A531BD /* TestUITests.swift in Sources */,
			);
			runOnlyForDeploymentPostprocessing = 0;
		};
/* End PBXSourcesBuildPhase section */

/* Begin PBXTargetDependency section */
		086E305F20BD335400A531BD /* PBXTargetDependency */ = {
			isa = PBXTargetDependency;
			target = 086E304820BD335400A531BD /* Test */;
			targetProxy = 086E305E20BD335400A531BD /* PBXContainerItemProxy */;
		};
		086E306A20BD335400A531BD /* PBXTargetDependency */ = {
			isa = PBXTargetDependency;
			target = 086E304820BD335400A531BD /* Test */;
			targetProxy = 086E306920BD335400A531BD /* PBXContainerItemProxy */;
		};
/* End PBXTargetDependency section */

/* Begin PBXVariantGroup section */
		086E305520BD335400A531BD /* LaunchScreen.storyboard */ = {
			isa = PBXVariantGroup;
			children = (
				086E305620BD335400A531BD /* Base */,
			);
			name = LaunchScreen.storyboard;
			sourceTree = "<group>";
		};
/* End PBXVariantGroup section */

/* Begin XCBuildConfiguration section */
		086E306F20BD335400A531BD /* Debug */ = {
			isa = XCBuildConfiguration;
			buildSettings = {
				ALWAYS_SEARCH_USER_PATHS = NO;
				CLANG_ANALYZER_NONNULL = YES;
				CLANG_ANALYZER_NUMBER_OBJECT_CONVERSION = YES_AGGRESSIVE;
				CLANG_CXX_LANGUAGE_STANDARD = "gnu++14";
				CLANG_CXX_LIBRARY = "libc++";
				CLANG_ENABLE_MODULES = YES;
				CLANG_ENABLE_OBJC_ARC = YES;
				CLANG_WARN_BLOCK_CAPTURE_AUTORELEASING = YES;
				CLANG_WARN_BOOL_CONVERSION = YES;
				CLANG_WARN_COMMA = YES;
				CLANG_WARN_CONSTANT_CONVERSION = YES;
				CLANG_WARN_DIRECT_OBJC_ISA_USAGE = YES_ERROR;
				CLANG_WARN_DOCUMENTATION_COMMENTS = YES;
				CLANG_WARN_EMPTY_BODY = YES;
				CLANG_WARN_ENUM_CONVERSION = YES;
				CLANG_WARN_INFINITE_RECURSION = YES;
				CLANG_WARN_INT_CONVERSION = YES;
				CLANG_WARN_NON_LITERAL_NULL_CONVERSION = YES;
				CLANG_WARN_OBJC_LITERAL_CONVERSION = YES;
				CLANG_WARN_OBJC_ROOT_CLASS = YES_ERROR;
				CLANG_WARN_RANGE_LOOP_ANALYSIS = YES;
				CLANG_WARN_STRICT_PROTOTYPES = YES;
				CLANG_WARN_SUSPICIOUS_MOVE = YES;
				CLANG_WARN_UNGUARDED_AVAILABILITY = YES_AGGRESSIVE;
				CLANG_WARN_UNREACHABLE_CODE = YES;
				CLANG_WARN__DUPLICATE_METHOD_MATCH = YES;
				CODE_SIGN_IDENTITY = "iPhone Developer";
				COPY_PHASE_STRIP = NO;
				DEBUG_INFORMATION_FORMAT = dwarf;
				ENABLE_STRICT_OBJC_MSGSEND = YES;
				ENABLE_TESTABILITY = YES;
				GCC_C_LANGUAGE_STANDARD = gnu11;
				GCC_DYNAMIC_NO_PIC = NO;
				GCC_NO_COMMON_BLOCKS = YES;
				GCC_OPTIMIZATION_LEVEL = 0;
				GCC_PREPROCESSOR_DEFINITIONS = (
					"DEBUG=1",
					"$(inherited)",
				);
				GCC_WARN_64_TO_32_BIT_CONVERSION = YES;
				GCC_WARN_ABOUT_RETURN_TYPE = YES_ERROR;
				GCC_WARN_UNDECLARED_SELECTOR = YES;
				GCC_WARN_UNINITIALIZED_AUTOS = YES_AGGRESSIVE;
				GCC_WARN_UNUSED_FUNCTION = YES;
				GCC_WARN_UNUSED_VARIABLE = YES;
				IPHONEOS_DEPLOYMENT_TARGET = 11.2;
				MTL_ENABLE_DEBUG_INFO = YES;
				ONLY_ACTIVE_ARCH = YES;
				SDKROOT = iphoneos;
				SWIFT_ACTIVE_COMPILATION_CONDITIONS = DEBUG;
				SWIFT_OPTIMIZATION_LEVEL = "-Onone";
			};
			name = Debug;
		};
		086E307020BD335400A531BD /* Release */ = {
			isa = XCBuildConfiguration;
			buildSettings = {
				ALWAYS_SEARCH_USER_PATHS = NO;
				CLANG_ANALYZER_NONNULL = YES;
				CLANG_ANALYZER_NUMBER_OBJECT_CONVERSION = YES_AGGRESSIVE;
				CLANG_CXX_LANGUAGE_STANDARD = "gnu++14";
				CLANG_CXX_LIBRARY = "libc++";
				CLANG_ENABLE_MODULES = YES;
				CLANG_ENABLE_OBJC_ARC = YES;
				CLANG_WARN_BLOCK_CAPTURE_AUTORELEASING = YES;
				CLANG_WARN_BOOL_CONVERSION = YES;
				CLANG_WARN_COMMA = YES;
				CLANG_WARN_CONSTANT_CONVERSION = YES;
				CLANG_WARN_DIRECT_OBJC_ISA_USAGE = YES_ERROR;
				CLANG_WARN_DOCUMENTATION_COMMENTS = YES;
				CLANG_WARN_EMPTY_BODY = YES;
				CLANG_WARN_ENUM_CONVERSION = YES;
				CLANG_WARN_INFINITE_RECURSION = YES;
				CLANG_WARN_INT_CONVERSION = YES;
				CLANG_WARN_NON_LITERAL_NULL_CONVERSION = YES;
				CLANG_WARN_OBJC_LITERAL_CONVERSION = YES;
				CLANG_WARN_OBJC_ROOT_CLASS = YES_ERROR;
				CLANG_WARN_RANGE_LOOP_ANALYSIS = YES;
				CLANG_WARN_STRICT_PROTOTYPES = YES;
				CLANG_WARN_SUSPICIOUS_MOVE = YES;
				CLANG_WARN_UNGUARDED_AVAILABILITY = YES_AGGRESSIVE;
				CLANG_WARN_UNREACHABLE_CODE = YES;
				CLANG_WARN__DUPLICATE_METHOD_MATCH = YES;
				CODE_SIGN_IDENTITY = "iPhone Developer";
				COPY_PHASE_STRIP = NO;
				DEBUG_INFORMATION_FORMAT = "dwarf-with-dsym";
				ENABLE_NS_ASSERTIONS = NO;
				ENABLE_STRICT_OBJC_MSGSEND = YES;
				GCC_C_LANGUAGE_STANDARD = gnu11;
				GCC_NO_COMMON_BLOCKS = YES;
				GCC_WARN_64_TO_32_BIT_CONVERSION = YES;
				GCC_WARN_ABOUT_RETURN_TYPE = YES_ERROR;
				GCC_WARN_UNDECLARED_SELECTOR = YES;
				GCC_WARN_UNINITIALIZED_AUTOS = YES_AGGRESSIVE;
				GCC_WARN_UNUSED_FUNCTION = YES;
				GCC_WARN_UNUSED_VARIABLE = YES;
				IPHONEOS_DEPLOYMENT_TARGET = 11.2;
				MTL_ENABLE_DEBUG_INFO = NO;
				SDKROOT = iphoneos;
				SWIFT_OPTIMIZATION_LEVEL = "-Owholemodule";
				VALIDATE_PRODUCT = YES;
			};
			name = Release;
		};
		086E307220BD335400A531BD /* Debug */ = {
			isa = XCBuildConfiguration;
			baseConfigurationReference = 2D8DE10C8D92EC4DFB0E90FB /* Pods-Test.debug.xcconfig */;
			buildSettings = {
				ASSETCATALOG_COMPILER_APPICON_NAME = AppIcon;
				CODE_SIGN_STYLE = Automatic;
				DEVELOPMENT_TEAM = H4GK6PE4RS;
				INFOPLIST_FILE = Test/Info.plist;
				LD_RUNPATH_SEARCH_PATHS = "$(inherited) @executable_path/Frameworks";
				PRODUCT_BUNDLE_IDENTIFIER = Shyngys.Test;
				PRODUCT_NAME = "$(TARGET_NAME)";
				SWIFT_VERSION = 4.0;
				TARGETED_DEVICE_FAMILY = "1,2";
			};
			name = Debug;
		};
		086E307320BD335400A531BD /* Release */ = {
			isa = XCBuildConfiguration;
			baseConfigurationReference = 18F3023BD0C14B178668A6F9 /* Pods-Test.release.xcconfig */;
			buildSettings = {
				ASSETCATALOG_COMPILER_APPICON_NAME = AppIcon;
				CODE_SIGN_STYLE = Automatic;
				DEVELOPMENT_TEAM = H4GK6PE4RS;
				INFOPLIST_FILE = Test/Info.plist;
				LD_RUNPATH_SEARCH_PATHS = "$(inherited) @executable_path/Frameworks";
				PRODUCT_BUNDLE_IDENTIFIER = Shyngys.Test;
				PRODUCT_NAME = "$(TARGET_NAME)";
				SWIFT_VERSION = 4.0;
				TARGETED_DEVICE_FAMILY = "1,2";
			};
			name = Release;
		};
		086E307520BD335400A531BD /* Debug */ = {
			isa = XCBuildConfiguration;
			baseConfigurationReference = 03A8BA1133363572168E9E8F /* Pods-TestTests.debug.xcconfig */;
			buildSettings = {
				ALWAYS_EMBED_SWIFT_STANDARD_LIBRARIES = YES;
				BUNDLE_LOADER = "$(TEST_HOST)";
				CODE_SIGN_STYLE = Automatic;
				DEVELOPMENT_TEAM = H4GK6PE4RS;
				INFOPLIST_FILE = TestTests/Info.plist;
				LD_RUNPATH_SEARCH_PATHS = "$(inherited) @executable_path/Frameworks @loader_path/Frameworks";
				PRODUCT_BUNDLE_IDENTIFIER = Shyngys.TestTests;
				PRODUCT_NAME = "$(TARGET_NAME)";
				SWIFT_VERSION = 4.0;
				TARGETED_DEVICE_FAMILY = "1,2";
				TEST_HOST = "$(BUILT_PRODUCTS_DIR)/Test.app/Test";
			};
			name = Debug;
		};
		086E307620BD335400A531BD /* Release */ = {
			isa = XCBuildConfiguration;
			baseConfigurationReference = 17757392870F2BDF41939FB5 /* Pods-TestTests.release.xcconfig */;
			buildSettings = {
				ALWAYS_EMBED_SWIFT_STANDARD_LIBRARIES = YES;
				BUNDLE_LOADER = "$(TEST_HOST)";
				CODE_SIGN_STYLE = Automatic;
				DEVELOPMENT_TEAM = H4GK6PE4RS;
				INFOPLIST_FILE = TestTests/Info.plist;
				LD_RUNPATH_SEARCH_PATHS = "$(inherited) @executable_path/Frameworks @loader_path/Frameworks";
				PRODUCT_BUNDLE_IDENTIFIER = Shyngys.TestTests;
				PRODUCT_NAME = "$(TARGET_NAME)";
				SWIFT_VERSION = 4.0;
				TARGETED_DEVICE_FAMILY = "1,2";
				TEST_HOST = "$(BUILT_PRODUCTS_DIR)/Test.app/Test";
			};
			name = Release;
		};
		086E307820BD335400A531BD /* Debug */ = {
			isa = XCBuildConfiguration;
			baseConfigurationReference = 05298F8D60C0BE2D50A9DF91 /* Pods-TestUITests.debug.xcconfig */;
			buildSettings = {
				ALWAYS_EMBED_SWIFT_STANDARD_LIBRARIES = YES;
				CODE_SIGN_STYLE = Automatic;
				DEVELOPMENT_TEAM = H4GK6PE4RS;
				INFOPLIST_FILE = TestUITests/Info.plist;
				LD_RUNPATH_SEARCH_PATHS = "$(inherited) @executable_path/Frameworks @loader_path/Frameworks";
				PRODUCT_BUNDLE_IDENTIFIER = Shyngys.TestUITests;
				PRODUCT_NAME = "$(TARGET_NAME)";
				SWIFT_VERSION = 4.0;
				TARGETED_DEVICE_FAMILY = "1,2";
				TEST_TARGET_NAME = Test;
			};
			name = Debug;
		};
		086E307920BD335400A531BD /* Release */ = {
			isa = XCBuildConfiguration;
			baseConfigurationReference = C224CBB0B7E68B6B237C98DA /* Pods-TestUITests.release.xcconfig */;
			buildSettings = {
				ALWAYS_EMBED_SWIFT_STANDARD_LIBRARIES = YES;
				CODE_SIGN_STYLE = Automatic;
				DEVELOPMENT_TEAM = H4GK6PE4RS;
				INFOPLIST_FILE = TestUITests/Info.plist;
				LD_RUNPATH_SEARCH_PATHS = "$(inherited) @executable_path/Frameworks @loader_path/Frameworks";
				PRODUCT_BUNDLE_IDENTIFIER = Shyngys.TestUITests;
				PRODUCT_NAME = "$(TARGET_NAME)";
				SWIFT_VERSION = 4.0;
				TARGETED_DEVICE_FAMILY = "1,2";
				TEST_TARGET_NAME = Test;
			};
			name = Release;
		};
/* End XCBuildConfiguration section */

/* Begin XCConfigurationList section */
		086E304420BD335400A531BD /* Build configuration list for PBXProject "Test" */ = {
			isa = XCConfigurationList;
			buildConfigurations = (
				086E306F20BD335400A531BD /* Debug */,
				086E307020BD335400A531BD /* Release */,
			);
			defaultConfigurationIsVisible = 0;
			defaultConfigurationName = Release;
		};
		086E307120BD335400A531BD /* Build configuration list for PBXNativeTarget "Test" */ = {
			isa = XCConfigurationList;
			buildConfigurations = (
				086E307220BD335400A531BD /* Debug */,
				086E307320BD335400A531BD /* Release */,
			);
			defaultConfigurationIsVisible = 0;
			defaultConfigurationName = Release;
		};
		086E307420BD335400A531BD /* Build configuration list for PBXNativeTarget "TestTests" */ = {
			isa = XCConfigurationList;
			buildConfigurations = (
				086E307520BD335400A531BD /* Debug */,
				086E307620BD335400A531BD /* Release */,
			);
			defaultConfigurationIsVisible = 0;
			defaultConfigurationName = Release;
		};
		086E307720BD335400A531BD /* Build configuration list for PBXNativeTarget "TestUITests" */ = {
			isa = XCConfigurationList;
			buildConfigurations = (
				086E307820BD335400A531BD /* Debug */,
				086E307920BD335400A531BD /* Release */,
			);
			defaultConfigurationIsVisible = 0;
			defaultConfigurationName = Release;
		};
/* End XCConfigurationList section */
	};
	rootObject = 086E304120BD335400A531BD /* Project object */;
}
